
Microsoft Visual Studio Solution File, Format Version 12.00
# Visual Studio Version 16
VisualStudioVersion = 16.0.30002.166
MinimumVisualStudioVersion = 10.0.40219.1
Project("{FAE04EC0-301F-11D3-BF4B-00C04F79EFBC}") = "OqtacoreAPI", "OqtacoreAPI.csproj", "{B660F5B0-171E-4BEF-A4AB-093EC1F1C439}"
EndProject
Global
	GlobalSection(SolutionConfigurationPlatforms) = preSolution
		Debug|Any CPU = Debug|Any CPU
		Release|Any CPU = Release|Any CPU
	EndGlobalSection
	GlobalSection(ProjectConfigurationPlatforms) = postSolution
		{B660F5B0-171E-4BEF-A4AB-093EC1F1C439}.Debug|Any CPU.ActiveCfg = Debug|Any CPU
		{B660F5B0-171E-4BEF-A4AB-093EC1F1C439}.Debug|Any CPU.Build.0 = Debug|Any CPU
		{B660F5B0-171E-4BEF-A4AB-093EC1F1C439}.Release|Any CPU.ActiveCfg = Release|Any CPU
		{B660F5B0-171E-4BEF-A4AB-093EC1F1C439}.Release|Any CPU.Build.0 = Release|Any CPU
	EndGlobalSection
	GlobalSection(SolutionProperties) = preSolution
		HideSolutionNode = FALSE
	EndGlobalSection
	GlobalSection(ExtensibilityGlobals) = postSolution
		SolutionGuid = {21B6E9EF-C20C-431E-8B7A-498016E29A2B}
	EndGlobalSection
EndGlobal
